
Microsoft Visual Studio Solution File, Format Version 12.00
# Visual Studio 15
VisualStudioVersion = 15.0.26730.15
MinimumVisualStudioVersion = 10.0.40219.1
Project("{FAE04EC0-301F-11D3-BF4B-00C04F79EFBC}") = "GC_MemCard_Reader", "GC_MemCard_Reader\GC_MemCard_Reader.csproj", "{C0E672BA-8DF6-4DD1-9185-BE1C0246FF3F}"
EndProject
Global
	GlobalSection(SolutionConfigurationPlatforms) = preSolution
		Debug|Any CPU = Debug|Any CPU
		Release|Any CPU = Release|Any CPU
	EndGlobalSection
	GlobalSection(ProjectConfigurationPlatforms) = postSolution
		{C0E672BA-8DF6-4DD1-9185-BE1C0246FF3F}.Debug|Any CPU.ActiveCfg = Debug|Any CPU
		{C0E672BA-8DF6-4DD1-9185-BE1C0246FF3F}.Debug|Any CPU.Build.0 = Debug|Any CPU
		{C0E672BA-8DF6-4DD1-9185-BE1C0246FF3F}.Release|Any CPU.ActiveCfg = Release|Any CPU
		{C0E672BA-8DF6-4DD1-9185-BE1C0246FF3F}.Release|Any CPU.Build.0 = Release|Any CPU
	EndGlobalSection
	GlobalSection(SolutionProperties) = preSolution
		HideSolutionNode = FALSE
	EndGlobalSection
	GlobalSection(ExtensibilityGlobals) = postSolution
		SolutionGuid = {24745269-646D-4CBC-8CE8-87C524B766D2}
	EndGlobalSection
EndGlobal
